
Microsoft Visual Studio Solution File, Format Version 12.00
# Visual Studio Version 17
VisualStudioVersion = 17.2.32519.379
MinimumVisualStudioVersion = 10.0.40219.1
Project("{FAE04EC0-301F-11D3-BF4B-00C04F79EFBC}") = "WebAppFramework", "WebAppFramework\WebAppFramework.csproj", "{A732ACE8-3C83-48E4-AE66-FDBF3724567D}"
EndProject
Project("{9A19103F-16F7-4668-BE54-9A1E7A4F7556}") = "WebAppCoreMVC", "WebAppCoreMVC\WebAppCoreMVC.csproj", "{C96F2E85-546D-42CA-94D9-A7E35BEFFA6B}"
EndProject
Project("{9A19103F-16F7-4668-BE54-9A1E7A4F7556}") = "BlazorWASM.Server", "BlazorWASM\Server\BlazorWASM.Server.csproj", "{589D67D7-AF30-4221-BC2F-5D7FB5692837}"
EndProject
Project("{9A19103F-16F7-4668-BE54-9A1E7A4F7556}") = "BlazorWASM.Client", "BlazorWASM\Client\BlazorWASM.Client.csproj", "{3D8563CE-FD8C-4551-9F7D-622F89905910}"
EndProject
Project("{9A19103F-16F7-4668-BE54-9A1E7A4F7556}") = "BlazorWASM.Shared", "BlazorWASM\Shared\BlazorWASM.Shared.csproj", "{23BEDC71-6DC0-4063-B0B7-711C0CBC13D8}"
EndProject
Project("{2150E333-8FDC-42A3-9474-1A3956D46DE8}") = "Solution Items", "Solution Items", "{D79FA502-9C21-410B-A383-86EB57AE16D1}"
	ProjectSection(SolutionItems) = preProject
		README.md = README.md
	EndProjectSection
EndProject
Project("{9A19103F-16F7-4668-BE54-9A1E7A4F7556}") = "BlazorServer", "BlazorServer\BlazorServer.csproj", "{1B20BDEE-423D-4995-8D65-7AC12B56C855}"
EndProject
Project("{9A19103F-16F7-4668-BE54-9A1E7A4F7556}") = "WebAppCore", "WebAppCore\WebAppCore.csproj", "{50E1B9E1-B1F2-4D09-899C-A8D42A18CB6D}"
EndProject
Project("{9A19103F-16F7-4668-BE54-9A1E7A4F7556}") = "BlazorApp", "BlazorApp\BlazorApp.csproj", "{3B04685F-523B-41C6-BDFA-EAE667F0EDDA}"
EndProject
Project("{9A19103F-16F7-4668-BE54-9A1E7A4F7556}") = "BlazorWASMApp", "BlazorWASMApp\BlazorWASMApp\BlazorWASMApp.csproj", "{27D7876A-B73E-487E-8055-9EC22FC05000}"
EndProject
Project("{9A19103F-16F7-4668-BE54-9A1E7A4F7556}") = "BlazorWASMApp.Client", "BlazorWASMApp\BlazorWASMApp.Client\BlazorWASMApp.Client.csproj", "{EB116727-F5C1-49ED-B885-665A66091BDC}"
EndProject
Project("{9A19103F-16F7-4668-BE54-9A1E7A4F7556}") = "CoreWithReact.Server", "CoreWithReact\CoreWithReact.Server\CoreWithReact.Server.csproj", "{85EC6C18-A78B-43A8-A540-59995384C16C}"
EndProject
Project("{54A90642-561A-4BB1-A94E-469ADEE60C69}") = "corewithreact.client", "CoreWithReact\corewithreact.client\corewithreact.client.esproj", "{3DD29CDE-8E47-473D-AC84-A06124836334}"
EndProject
Project("{FAE04EC0-301F-11D3-BF4B-00C04F79EFBC}") = "CoreWithAngular.Server", "CoreWithAngular\CoreWithAngular.Server\CoreWithAngular.Server.csproj", "{19C761B0-B64B-407E-9CEA-88B974BC730C}"
EndProject
Project("{54A90642-561A-4BB1-A94E-469ADEE60C69}") = "corewithangular.client", "CoreWithAngular\corewithangular.client\corewithangular.client.esproj", "{024B239C-39D4-4F46-821D-07F67CB3E44A}"
EndProject
Global
	GlobalSection(SolutionConfigurationPlatforms) = preSolution
		Debug|Any CPU = Debug|Any CPU
		Release|Any CPU = Release|Any CPU
	EndGlobalSection
	GlobalSection(ProjectConfigurationPlatforms) = postSolution
		{A732ACE8-3C83-48E4-AE66-FDBF3724567D}.Debug|Any CPU.ActiveCfg = Debug|Any CPU
		{A732ACE8-3C83-48E4-AE66-FDBF3724567D}.Debug|Any CPU.Build.0 = Debug|Any CPU
		{A732ACE8-3C83-48E4-AE66-FDBF3724567D}.Release|Any CPU.ActiveCfg = Release|Any CPU
		{A732ACE8-3C83-48E4-AE66-FDBF3724567D}.Release|Any CPU.Build.0 = Release|Any CPU
		{C96F2E85-546D-42CA-94D9-A7E35BEFFA6B}.Debug|Any CPU.ActiveCfg = Debug|Any CPU
		{C96F2E85-546D-42CA-94D9-A7E35BEFFA6B}.Debug|Any CPU.Build.0 = Debug|Any CPU
		{C96F2E85-546D-42CA-94D9-A7E35BEFFA6B}.Release|Any CPU.ActiveCfg = Release|Any CPU
		{C96F2E85-546D-42CA-94D9-A7E35BEFFA6B}.Release|Any CPU.Build.0 = Release|Any CPU
		{589D67D7-AF30-4221-BC2F-5D7FB5692837}.Debug|Any CPU.ActiveCfg = Debug|Any CPU
		{589D67D7-AF30-4221-BC2F-5D7FB5692837}.Debug|Any CPU.Build.0 = Debug|Any CPU
		{589D67D7-AF30-4221-BC2F-5D7FB5692837}.Release|Any CPU.ActiveCfg = Release|Any CPU
		{589D67D7-AF30-4221-BC2F-5D7FB5692837}.Release|Any CPU.Build.0 = Release|Any CPU
		{3D8563CE-FD8C-4551-9F7D-622F89905910}.Debug|Any CPU.ActiveCfg = Debug|Any CPU
		{3D8563CE-FD8C-4551-9F7D-622F89905910}.Debug|Any CPU.Build.0 = Debug|Any CPU
		{3D8563CE-FD8C-4551-9F7D-622F89905910}.Release|Any CPU.ActiveCfg = Release|Any CPU
		{3D8563CE-FD8C-4551-9F7D-622F89905910}.Release|Any CPU.Build.0 = Release|Any CPU
		{23BEDC71-6DC0-4063-B0B7-711C0CBC13D8}.Debug|Any CPU.ActiveCfg = Debug|Any CPU
		{23BEDC71-6DC0-4063-B0B7-711C0CBC13D8}.Debug|Any CPU.Build.0 = Debug|Any CPU
		{23BEDC71-6DC0-4063-B0B7-711C0CBC13D8}.Release|Any CPU.ActiveCfg = Release|Any CPU
		{23BEDC71-6DC0-4063-B0B7-711C0CBC13D8}.Release|Any CPU.Build.0 = Release|Any CPU
		{1B20BDEE-423D-4995-8D65-7AC12B56C855}.Debug|Any CPU.ActiveCfg = Debug|Any CPU
		{1B20BDEE-423D-4995-8D65-7AC12B56C855}.Debug|Any CPU.Build.0 = Debug|Any CPU
		{1B20BDEE-423D-4995-8D65-7AC12B56C855}.Release|Any CPU.ActiveCfg = Release|Any CPU
		{1B20BDEE-423D-4995-8D65-7AC12B56C855}.Release|Any CPU.Build.0 = Release|Any CPU
		{50E1B9E1-B1F2-4D09-899C-A8D42A18CB6D}.Debug|Any CPU.ActiveCfg = Debug|Any CPU
		{50E1B9E1-B1F2-4D09-899C-A8D42A18CB6D}.Debug|Any CPU.Build.0 = Debug|Any CPU
		{50E1B9E1-B1F2-4D09-899C-A8D42A18CB6D}.Release|Any CPU.ActiveCfg = Release|Any CPU
		{50E1B9E1-B1F2-4D09-899C-A8D42A18CB6D}.Release|Any CPU.Build.0 = Release|Any CPU
		{3B04685F-523B-41C6-BDFA-EAE667F0EDDA}.Debug|Any CPU.ActiveCfg = Debug|Any CPU
		{3B04685F-523B-41C6-BDFA-EAE667F0EDDA}.Debug|Any CPU.Build.0 = Debug|Any CPU
		{3B04685F-523B-41C6-BDFA-EAE667F0EDDA}.Release|Any CPU.ActiveCfg = Release|Any CPU
		{3B04685F-523B-41C6-BDFA-EAE667F0EDDA}.Release|Any CPU.Build.0 = Release|Any CPU
		{27D7876A-B73E-487E-8055-9EC22FC05000}.Debug|Any CPU.ActiveCfg = Debug|Any CPU
		{27D7876A-B73E-487E-8055-9EC22FC05000}.Debug|Any CPU.Build.0 = Debug|Any CPU
		{27D7876A-B73E-487E-8055-9EC22FC05000}.Release|Any CPU.ActiveCfg = Release|Any CPU
		{27D7876A-B73E-487E-8055-9EC22FC05000}.Release|Any CPU.Build.0 = Release|Any CPU
		{EB116727-F5C1-49ED-B885-665A66091BDC}.Debug|Any CPU.ActiveCfg = Debug|Any CPU
		{EB116727-F5C1-49ED-B885-665A66091BDC}.Debug|Any CPU.Build.0 = Debug|Any CPU
		{EB116727-F5C1-49ED-B885-665A66091BDC}.Release|Any CPU.ActiveCfg = Release|Any CPU
		{EB116727-F5C1-49ED-B885-665A66091BDC}.Release|Any CPU.Build.0 = Release|Any CPU
		{85EC6C18-A78B-43A8-A540-59995384C16C}.Debug|Any CPU.ActiveCfg = Debug|Any CPU
		{85EC6C18-A78B-43A8-A540-59995384C16C}.Debug|Any CPU.Build.0 = Debug|Any CPU
		{85EC6C18-A78B-43A8-A540-59995384C16C}.Release|Any CPU.ActiveCfg = Release|Any CPU
		{85EC6C18-A78B-43A8-A540-59995384C16C}.Release|Any CPU.Build.0 = Release|Any CPU
		{3DD29CDE-8E47-473D-AC84-A06124836334}.Debug|Any CPU.ActiveCfg = Debug|Any CPU
		{3DD29CDE-8E47-473D-AC84-A06124836334}.Debug|Any CPU.Build.0 = Debug|Any CPU
		{3DD29CDE-8E47-473D-AC84-A06124836334}.Debug|Any CPU.Deploy.0 = Debug|Any CPU
		{3DD29CDE-8E47-473D-AC84-A06124836334}.Release|Any CPU.ActiveCfg = Release|Any CPU
		{3DD29CDE-8E47-473D-AC84-A06124836334}.Release|Any CPU.Build.0 = Release|Any CPU
		{3DD29CDE-8E47-473D-AC84-A06124836334}.Release|Any CPU.Deploy.0 = Release|Any CPU
		{19C761B0-B64B-407E-9CEA-88B974BC730C}.Debug|Any CPU.ActiveCfg = Debug|Any CPU
		{19C761B0-B64B-407E-9CEA-88B974BC730C}.Debug|Any CPU.Build.0 = Debug|Any CPU
		{19C761B0-B64B-407E-9CEA-88B974BC730C}.Release|Any CPU.ActiveCfg = Release|Any CPU
		{19C761B0-B64B-407E-9CEA-88B974BC730C}.Release|Any CPU.Build.0 = Release|Any CPU
		{024B239C-39D4-4F46-821D-07F67CB3E44A}.Debug|Any CPU.ActiveCfg = Debug|Any CPU
		{024B239C-39D4-4F46-821D-07F67CB3E44A}.Debug|Any CPU.Build.0 = Debug|Any CPU
		{024B239C-39D4-4F46-821D-07F67CB3E44A}.Debug|Any CPU.Deploy.0 = Debug|Any CPU
		{024B239C-39D4-4F46-821D-07F67CB3E44A}.Release|Any CPU.ActiveCfg = Release|Any CPU
		{024B239C-39D4-4F46-821D-07F67CB3E44A}.Release|Any CPU.Build.0 = Release|Any CPU
		{024B239C-39D4-4F46-821D-07F67CB3E44A}.Release|Any CPU.Deploy.0 = Release|Any CPU
	EndGlobalSection
	GlobalSection(SolutionProperties) = preSolution
		HideSolutionNode = FALSE
	EndGlobalSection
	GlobalSection(ExtensibilityGlobals) = postSolution
		SolutionGuid = {BE16A79B-D104-48C6-8BDF-61F91788DB52}
	EndGlobalSection
EndGlobal
